
Microsoft Visual Studio Solution File, Format Version 12.00
# Visual Studio 15
VisualStudioVersion = 15.0.27130.2027
MinimumVisualStudioVersion = 10.0.40219.1
Project("{FAE04EC0-301F-11D3-BF4B-00C04F79EFBC}") = "TMWebApp", "TMWebApp\TMWebApp.csproj", "{867BAF2F-A504-4FC3-BC76-7ACA3A426371}"
EndProject
Global
	GlobalSection(SolutionConfigurationPlatforms) = preSolution
		Debug|Any CPU = Debug|Any CPU
		Release|Any CPU = Release|Any CPU
	EndGlobalSection
	GlobalSection(ProjectConfigurationPlatforms) = postSolution
		{867BAF2F-A504-4FC3-BC76-7ACA3A426371}.Debug|Any CPU.ActiveCfg = Debug|Any CPU
		{867BAF2F-A504-4FC3-BC76-7ACA3A426371}.Debug|Any CPU.Build.0 = Debug|Any CPU
		{867BAF2F-A504-4FC3-BC76-7ACA3A426371}.Release|Any CPU.ActiveCfg = Release|Any CPU
		{867BAF2F-A504-4FC3-BC76-7ACA3A426371}.Release|Any CPU.Build.0 = Release|Any CPU
	EndGlobalSection
	GlobalSection(SolutionProperties) = preSolution
		HideSolutionNode = FALSE
	EndGlobalSection
	GlobalSection(ExtensibilityGlobals) = postSolution
		SolutionGuid = {02D9D1F8-7B58-4A69-866F-1DA9CD719759}
	EndGlobalSection
EndGlobal
